
Microsoft Visual Studio Solution File, Format Version 11.00
# Visual Studio 2010
Project("{8BC9CEB8-8B4A-11D0-8D11-00A0C91BC942}") = "MFCBase", "MFCBase\MFCBase.vcxproj", "{9FC79C20-C48A-4386-943C-A4A872792C2F}"
EndProject
Project("{8BC9CEB8-8B4A-11D0-8D11-00A0C91BC942}") = "MFCUI", "MFCUI\MFCUI.vcxproj", "{3A0E45AC-A59A-45A3-97F1-37FE93D23E9B}"
EndProject
Project("{8BC9CEB8-8B4A-11D0-8D11-00A0C91BC942}") = "dynamic", "dynamic\dynamic.vcxproj", "{7068B42A-F9F4-426A-9E2D-D872D7836A91}"
EndProject
Project("{8BC9CEB8-8B4A-11D0-8D11-00A0C91BC942}") = "dyncreate", "dyncreate\dyncreate.vcxproj", "{E727966D-268F-4AA5-A4F3-03D695DDA842}"
EndProject
Project("{8BC9CEB8-8B4A-11D0-8D11-00A0C91BC942}") = "MFCDoc", "MFCDoc\MFCDoc.vcxproj", "{0B956287-AFCD-4673-8793-B8D0C700527D}"
EndProject
Project("{8BC9CEB8-8B4A-11D0-8D11-00A0C91BC942}") = "06_MFCSdi", "06_MFCSdi\06_MFCSdi.vcxproj", "{333CD62B-6BEB-488B-9BE0-2F43E44471F7}"
EndProject
Project("{8BC9CEB8-8B4A-11D0-8D11-00A0C91BC942}") = "07_MFCMdi", "07_MFCMdi\07_MFCMdi.vcxproj", "{753A6398-2C41-475E-A25D-13890D8474AE}"
EndProject
Project("{8BC9CEB8-8B4A-11D0-8D11-00A0C91BC942}") = "MFCDC", "MFCDC\MFCDC.vcxproj", "{9018AF56-74EB-418F-8C01-0C927921A7EB}"
EndProject
Project("{8BC9CEB8-8B4A-11D0-8D11-00A0C91BC942}") = "MFCGDI", "MFCGDI\MFCGDI.vcxproj", "{9A14AA61-0971-4499-BE15-709362C721B6}"
EndProject
Project("{8BC9CEB8-8B4A-11D0-8D11-00A0C91BC942}") = "MFCCollection", "MFCCollection\MFCCollection.vcxproj", "{5C9AADAE-B01B-4297-9820-251E7E1DA3E3}"
EndProject
Project("{8BC9CEB8-8B4A-11D0-8D11-00A0C91BC942}") = "MFCFile", "MFCFile\MFCFile.vcxproj", "{2E4D86C6-5A9F-4CCF-82C8-3FB3ED67D11D}"
EndProject
Project("{8BC9CEB8-8B4A-11D0-8D11-00A0C91BC942}") = "MFCSerialize", "MFCSerialize\MFCSerialize.vcxproj", "{2EBD5EC8-7373-421E-AE06-F1117804736C}"
EndProject
Project("{8BC9CEB8-8B4A-11D0-8D11-00A0C91BC942}") = "MFCModelDlg", "MFCModelDlg\MFCModelDlg.vcxproj", "{1CC08E91-F3EA-4751-B6BA-07B9ECDA001B}"
EndProject
Project("{8BC9CEB8-8B4A-11D0-8D11-00A0C91BC942}") = "MFCModelessDlg", "MFCModelessDlg\MFCModelessDlg.vcxproj", "{17984F19-E9AA-488B-9465-0909252A5AD2}"
EndProject
Project("{8BC9CEB8-8B4A-11D0-8D11-00A0C91BC942}") = "MFCCommDlg", "MFCCommDlg\MFCCommDlg.vcxproj", "{1F09C789-727E-4889-8E3F-7F91A15C712E}"
EndProject
Project("{8BC9CEB8-8B4A-11D0-8D11-00A0C91BC942}") = "AviPlayer", "AviPlayer\AviPlayer.vcxproj", "{8F791469-F888-4C2D-BE0D-3A1294B0EEFC}"
EndProject
Project("{8BC9CEB8-8B4A-11D0-8D11-00A0C91BC942}") = "MFCRegDll", "MFCRegDll\MFCRegDll.vcxproj", "{271C6A1E-BCA6-4B94-8ACB-786B5A0D6808}"
EndProject
Project("{8BC9CEB8-8B4A-11D0-8D11-00A0C91BC942}") = "MFCStyleXp", "MFCStyleXp\MFCStyleXp.vcxproj", "{6BA69929-5484-4E1F-B6E4-3298937F22CB}"
EndProject
Project("{8BC9CEB8-8B4A-11D0-8D11-00A0C91BC942}") = "MFCdllTest", "MFCdllTest\MFCdllTest.vcxproj", "{5805FC21-DE62-4C88-93F1-82329FE57E86}"
EndProject
Project("{8BC9CEB8-8B4A-11D0-8D11-00A0C91BC942}") = "13_Interface", "13_Interface\13_Interface.vcxproj", "{F1508C25-2F28-4DB4-8F71-6F4C5118BF75}"
EndProject
Project("{8BC9CEB8-8B4A-11D0-8D11-00A0C91BC942}") = "13_DllInterface", "13_DllInterface\13_DllInterface.vcxproj", "{AFD73BE5-35BB-4721-8777-F99BD99BC1F7}"
EndProject
Project("{8BC9CEB8-8B4A-11D0-8D11-00A0C91BC942}") = "13_UseDllInterface", "13_UseDllInterface\13_UseDllInterface.vcxproj", "{6AFACF5D-9B6E-4887-8890-2924962B7033}"
EndProject
Project("{8BC9CEB8-8B4A-11D0-8D11-00A0C91BC942}") = "14_ComInterface", "14_ComInterface\14_ComInterface.vcxproj", "{D2E7EE7F-3973-400E-ACFD-654A3C30EC71}"
EndProject
Global
	GlobalSection(SolutionConfigurationPlatforms) = preSolution
		Debug|Win32 = Debug|Win32
		Release|Win32 = Release|Win32
	EndGlobalSection
	GlobalSection(ProjectConfigurationPlatforms) = postSolution
		{9FC79C20-C48A-4386-943C-A4A872792C2F}.Debug|Win32.ActiveCfg = Debug|Win32
		{9FC79C20-C48A-4386-943C-A4A872792C2F}.Debug|Win32.Build.0 = Debug|Win32
		{9FC79C20-C48A-4386-943C-A4A872792C2F}.Release|Win32.ActiveCfg = Release|Win32
		{9FC79C20-C48A-4386-943C-A4A872792C2F}.Release|Win32.Build.0 = Release|Win32
		{3A0E45AC-A59A-45A3-97F1-37FE93D23E9B}.Debug|Win32.ActiveCfg = Debug|Win32
		{3A0E45AC-A59A-45A3-97F1-37FE93D23E9B}.Debug|Win32.Build.0 = Debug|Win32
		{3A0E45AC-A59A-45A3-97F1-37FE93D23E9B}.Release|Win32.ActiveCfg = Release|Win32
		{3A0E45AC-A59A-45A3-97F1-37FE93D23E9B}.Release|Win32.Build.0 = Release|Win32
		{7068B42A-F9F4-426A-9E2D-D872D7836A91}.Debug|Win32.ActiveCfg = Debug|Win32
		{7068B42A-F9F4-426A-9E2D-D872D7836A91}.Debug|Win32.Build.0 = Debug|Win32
		{7068B42A-F9F4-426A-9E2D-D872D7836A91}.Release|Win32.ActiveCfg = Release|Win32
		{7068B42A-F9F4-426A-9E2D-D872D7836A91}.Release|Win32.Build.0 = Release|Win32
		{E727966D-268F-4AA5-A4F3-03D695DDA842}.Debug|Win32.ActiveCfg = Debug|Win32
		{E727966D-268F-4AA5-A4F3-03D695DDA842}.Debug|Win32.Build.0 = Debug|Win32
		{E727966D-268F-4AA5-A4F3-03D695DDA842}.Release|Win32.ActiveCfg = Release|Win32
		{E727966D-268F-4AA5-A4F3-03D695DDA842}.Release|Win32.Build.0 = Release|Win32
		{0B956287-AFCD-4673-8793-B8D0C700527D}.Debug|Win32.ActiveCfg = Debug|Win32
		{0B956287-AFCD-4673-8793-B8D0C700527D}.Debug|Win32.Build.0 = Debug|Win32
		{0B956287-AFCD-4673-8793-B8D0C700527D}.Release|Win32.ActiveCfg = Release|Win32
		{0B956287-AFCD-4673-8793-B8D0C700527D}.Release|Win32.Build.0 = Release|Win32
		{333CD62B-6BEB-488B-9BE0-2F43E44471F7}.Debug|Win32.ActiveCfg = Debug|Win32
		{333CD62B-6BEB-488B-9BE0-2F43E44471F7}.Debug|Win32.Build.0 = Debug|Win32
		{333CD62B-6BEB-488B-9BE0-2F43E44471F7}.Release|Win32.ActiveCfg = Release|Win32
		{333CD62B-6BEB-488B-9BE0-2F43E44471F7}.Release|Win32.Build.0 = Release|Win32
		{753A6398-2C41-475E-A25D-13890D8474AE}.Debug|Win32.ActiveCfg = Debug|Win32
		{753A6398-2C41-475E-A25D-13890D8474AE}.Debug|Win32.Build.0 = Debug|Win32
		{753A6398-2C41-475E-A25D-13890D8474AE}.Release|Win32.ActiveCfg = Release|Win32
		{753A6398-2C41-475E-A25D-13890D8474AE}.Release|Win32.Build.0 = Release|Win32
		{9018AF56-74EB-418F-8C01-0C927921A7EB}.Debug|Win32.ActiveCfg = Debug|Win32
		{9018AF56-74EB-418F-8C01-0C927921A7EB}.Debug|Win32.Build.0 = Debug|Win32
		{9018AF56-74EB-418F-8C01-0C927921A7EB}.Release|Win32.ActiveCfg = Release|Win32
		{9018AF56-74EB-418F-8C01-0C927921A7EB}.Release|Win32.Build.0 = Release|Win32
		{9A14AA61-0971-4499-BE15-709362C721B6}.Debug|Win32.ActiveCfg = Debug|Win32
		{9A14AA61-0971-4499-BE15-709362C721B6}.Debug|Win32.Build.0 = Debug|Win32
		{9A14AA61-0971-4499-BE15-709362C721B6}.Release|Win32.ActiveCfg = Release|Win32
		{9A14AA61-0971-4499-BE15-709362C721B6}.Release|Win32.Build.0 = Release|Win32
		{5C9AADAE-B01B-4297-9820-251E7E1DA3E3}.Debug|Win32.ActiveCfg = Debug|Win32
		{5C9AADAE-B01B-4297-9820-251E7E1DA3E3}.Debug|Win32.Build.0 = Debug|Win32
		{5C9AADAE-B01B-4297-9820-251E7E1DA3E3}.Release|Win32.ActiveCfg = Release|Win32
		{5C9AADAE-B01B-4297-9820-251E7E1DA3E3}.Release|Win32.Build.0 = Release|Win32
		{2E4D86C6-5A9F-4CCF-82C8-3FB3ED67D11D}.Debug|Win32.ActiveCfg = Debug|Win32
		{2E4D86C6-5A9F-4CCF-82C8-3FB3ED67D11D}.Debug|Win32.Build.0 = Debug|Win32
		{2E4D86C6-5A9F-4CCF-82C8-3FB3ED67D11D}.Release|Win32.ActiveCfg = Release|Win32
		{2E4D86C6-5A9F-4CCF-82C8-3FB3ED67D11D}.Release|Win32.Build.0 = Release|Win32
		{2EBD5EC8-7373-421E-AE06-F1117804736C}.Debug|Win32.ActiveCfg = Debug|Win32
		{2EBD5EC8-7373-421E-AE06-F1117804736C}.Debug|Win32.Build.0 = Debug|Win32
		{2EBD5EC8-7373-421E-AE06-F1117804736C}.Release|Win32.ActiveCfg = Release|Win32
		{2EBD5EC8-7373-421E-AE06-F1117804736C}.Release|Win32.Build.0 = Release|Win32
		{1CC08E91-F3EA-4751-B6BA-07B9ECDA001B}.Debug|Win32.ActiveCfg = Debug|Win32
		{1CC08E91-F3EA-4751-B6BA-07B9ECDA001B}.Debug|Win32.Build.0 = Debug|Win32
		{1CC08E91-F3EA-4751-B6BA-07B9ECDA001B}.Release|Win32.ActiveCfg = Release|Win32
		{1CC08E91-F3EA-4751-B6BA-07B9ECDA001B}.Release|Win32.Build.0 = Release|Win32
		{17984F19-E9AA-488B-9465-0909252A5AD2}.Debug|Win32.ActiveCfg = Debug|Win32
		{17984F19-E9AA-488B-9465-0909252A5AD2}.Debug|Win32.Build.0 = Debug|Win32
		{17984F19-E9AA-488B-9465-0909252A5AD2}.Release|Win32.ActiveCfg = Release|Win32
		{17984F19-E9AA-488B-9465-0909252A5AD2}.Release|Win32.Build.0 = Release|Win32
		{1F09C789-727E-4889-8E3F-7F91A15C712E}.Debug|Win32.ActiveCfg = Debug|Win32
		{1F09C789-727E-4889-8E3F-7F91A15C712E}.Debug|Win32.Build.0 = Debug|Win32
		{1F09C789-727E-4889-8E3F-7F91A15C712E}.Release|Win32.ActiveCfg = Release|Win32
		{1F09C789-727E-4889-8E3F-7F91A15C712E}.Release|Win32.Build.0 = Release|Win32
		{8F791469-F888-4C2D-BE0D-3A1294B0EEFC}.Debug|Win32.ActiveCfg = Debug|Win32
		{8F791469-F888-4C2D-BE0D-3A1294B0EEFC}.Debug|Win32.Build.0 = Debug|Win32
		{8F791469-F888-4C2D-BE0D-3A1294B0EEFC}.Release|Win32.ActiveCfg = Release|Win32
		{8F791469-F888-4C2D-BE0D-3A1294B0EEFC}.Release|Win32.Build.0 = Release|Win32
		{271C6A1E-BCA6-4B94-8ACB-786B5A0D6808}.Debug|Win32.ActiveCfg = Debug|Win32
		{271C6A1E-BCA6-4B94-8ACB-786B5A0D6808}.Debug|Win32.Build.0 = Debug|Win32
		{271C6A1E-BCA6-4B94-8ACB-786B5A0D6808}.Release|Win32.ActiveCfg = Release|Win32
		{271C6A1E-BCA6-4B94-8ACB-786B5A0D6808}.Release|Win32.Build.0 = Release|Win32
		{6BA69929-5484-4E1F-B6E4-3298937F22CB}.Debug|Win32.ActiveCfg = Debug|Win32
		{6BA69929-5484-4E1F-B6E4-3298937F22CB}.Debug|Win32.Build.0 = Debug|Win32
		{6BA69929-5484-4E1F-B6E4-3298937F22CB}.Release|Win32.ActiveCfg = Release|Win32
		{6BA69929-5484-4E1F-B6E4-3298937F22CB}.Release|Win32.Build.0 = Release|Win32
		{5805FC21-DE62-4C88-93F1-82329FE57E86}.Debug|Win32.ActiveCfg = Debug|Win32
		{5805FC21-DE62-4C88-93F1-82329FE57E86}.Debug|Win32.Build.0 = Debug|Win32
		{5805FC21-DE62-4C88-93F1-82329FE57E86}.Release|Win32.ActiveCfg = Release|Win32
		{5805FC21-DE62-4C88-93F1-82329FE57E86}.Release|Win32.Build.0 = Release|Win32
		{F1508C25-2F28-4DB4-8F71-6F4C5118BF75}.Debug|Win32.ActiveCfg = Debug|Win32
		{F1508C25-2F28-4DB4-8F71-6F4C5118BF75}.Debug|Win32.Build.0 = Debug|Win32
		{F1508C25-2F28-4DB4-8F71-6F4C5118BF75}.Release|Win32.ActiveCfg = Release|Win32
		{F1508C25-2F28-4DB4-8F71-6F4C5118BF75}.Release|Win32.Build.0 = Release|Win32
		{AFD73BE5-35BB-4721-8777-F99BD99BC1F7}.Debug|Win32.ActiveCfg = Debug|Win32
		{AFD73BE5-35BB-4721-8777-F99BD99BC1F7}.Debug|Win32.Build.0 = Debug|Win32
		{AFD73BE5-35BB-4721-8777-F99BD99BC1F7}.Release|Win32.ActiveCfg = Release|Win32
		{AFD73BE5-35BB-4721-8777-F99BD99BC1F7}.Release|Win32.Build.0 = Release|Win32
		{6AFACF5D-9B6E-4887-8890-2924962B7033}.Debug|Win32.ActiveCfg = Debug|Win32
		{6AFACF5D-9B6E-4887-8890-2924962B7033}.Debug|Win32.Build.0 = Debug|Win32
		{6AFACF5D-9B6E-4887-8890-2924962B7033}.Release|Win32.ActiveCfg = Release|Win32
		{6AFACF5D-9B6E-4887-8890-2924962B7033}.Release|Win32.Build.0 = Release|Win32
		{D2E7EE7F-3973-400E-ACFD-654A3C30EC71}.Debug|Win32.ActiveCfg = Debug|Win32
		{D2E7EE7F-3973-400E-ACFD-654A3C30EC71}.Debug|Win32.Build.0 = Debug|Win32
		{D2E7EE7F-3973-400E-ACFD-654A3C30EC71}.Release|Win32.ActiveCfg = Release|Win32
		{D2E7EE7F-3973-400E-ACFD-654A3C30EC71}.Release|Win32.Build.0 = Release|Win32
	EndGlobalSection
	GlobalSection(SolutionProperties) = preSolution
		HideSolutionNode = FALSE
	EndGlobalSection
EndGlobal
