
Microsoft Visual Studio Solution File, Format Version 11.00
# Visual Studio 2010
Project("{8BC9CEB8-8B4A-11D0-8D11-00A0C91BC942}") = "MFCBase", "MFCBase\MFCBase.vcxproj", "{9FC79C20-C48A-4386-943C-A4A872792C2F}"
EndProject
Project("{8BC9CEB8-8B4A-11D0-8D11-00A0C91BC942}") = "MFCUI", "MFCUI\MFCUI.vcxproj", "{3A0E45AC-A59A-45A3-97F1-37FE93D23E9B}"
EndProject
Project("{8BC9CEB8-8B4A-11D0-8D11-00A0C91BC942}") = "dynamic", "dynamic\dynamic.vcxproj", "{7068B42A-F9F4-426A-9E2D-D872D7836A91}"
EndProject
Project("{8BC9CEB8-8B4A-11D0-8D11-00A0C91BC942}") = "dyncreate", "dyncreate\dyncreate.vcxproj", "{E727966D-268F-4AA5-A4F3-03D695DDA842}"
EndProject
Project("{8BC9CEB8-8B4A-11D0-8D11-00A0C91BC942}") = "MFCDoc", "MFCDoc\MFCDoc.vcxproj", "{0B956287-AFCD-4673-8793-B8D0C700527D}"
EndProject
Project("{8BC9CEB8-8B4A-11D0-8D11-00A0C91BC942}") = "06_MFCSdi", "06_MFCSdi\06_MFCSdi.vcxproj", "{333CD62B-6BEB-488B-9BE0-2F43E44471F7}"
EndProject
Project("{8BC9CEB8-8B4A-11D0-8D11-00A0C91BC942}") = "07_MFCMdi", "07_MFCMdi\07_MFCMdi.vcxproj", "{753A6398-2C41-475E-A25D-13890D8474AE}"
EndProject
Project("{8BC9CEB8-8B4A-11D0-8D11-00A0C91BC942}") = "MFCDC", "MFCDC\MFCDC.vcxproj", "{9018AF56-74EB-418F-8C01-0C927921A7EB}"
EndProject
Project("{8BC9CEB8-8B4A-11D0-8D11-00A0C91BC942}") = "MFCGDI", "MFCGDI\MFCGDI.vcxproj", "{9A14AA61-0971-4499-BE15-709362C721B6}"
EndProject
Project("{8BC9CEB8-8B4A-11D0-8D11-00A0C91BC942}") = "MFCCollection", "MFCCollection\MFCCollection.vcxproj", "{5C9AADAE-B01B-4297-9820-251E7E1DA3E3}"
EndProject
Project("{8BC9CEB8-8B4A-11D0-8D11-00A0C91BC942}") = "MFCFile", "MFCFile\MFCFile.vcxproj", "{2E4D86C6-5A9F-4CCF-82C8-3FB3ED67D11D}"
EndProject
Project("{8BC9CEB8-8B4A-11D0-8D11-00A0C91BC942}") = "MFCSerialize", "MFCSerialize\MFCSerialize.vcxproj", "{2EBD5EC8-7373-421E-AE06-F1117804736C}"
EndProject
Project("{8BC9CEB8-8B4A-11D0-8D11-00A0C91BC942}") = "MFCModelDlg", "MFCModelDlg\MFCModelDlg.vcxproj", "{1CC08E91-F3EA-4751-B6BA-07B9ECDA001B}"
EndProject
Global
	GlobalSection(SolutionConfigurationPlatforms) = preSolution
		Debug|Win32 = Debug|Win32
		Release|Win32 = Release|Win32
	EndGlobalSection
	GlobalSection(ProjectConfigurationPlatforms) = postSolution
		{9FC79C20-C48A-4386-943C-A4A872792C2F}.Debug|Win32.ActiveCfg = Debug|Win32
		{9FC79C20-C48A-4386-943C-A4A872792C2F}.Debug|Win32.Build.0 = Debug|Win32
		{9FC79C20-C48A-4386-943C-A4A872792C2F}.Release|Win32.ActiveCfg = Release|Win32
		{9FC79C20-C48A-4386-943C-A4A872792C2F}.Release|Win32.Build.0 = Release|Win32
		{3A0E45AC-A59A-45A3-97F1-37FE93D23E9B}.Debug|Win32.ActiveCfg = Debug|Win32
		{3A0E45AC-A59A-45A3-97F1-37FE93D23E9B}.Debug|Win32.Build.0 = Debug|Win32
		{3A0E45AC-A59A-45A3-97F1-37FE93D23E9B}.Release|Win32.ActiveCfg = Release|Win32
		{3A0E45AC-A59A-45A3-97F1-37FE93D23E9B}.Release|Win32.Build.0 = Release|Win32
		{7068B42A-F9F4-426A-9E2D-D872D7836A91}.Debug|Win32.ActiveCfg = Debug|Win32
		{7068B42A-F9F4-426A-9E2D-D872D7836A91}.Debug|Win32.Build.0 = Debug|Win32
		{7068B42A-F9F4-426A-9E2D-D872D7836A91}.Release|Win32.ActiveCfg = Release|Win32
		{7068B42A-F9F4-426A-9E2D-D872D7836A91}.Release|Win32.Build.0 = Release|Win32
		{E727966D-268F-4AA5-A4F3-03D695DDA842}.Debug|Win32.ActiveCfg = Debug|Win32
		{E727966D-268F-4AA5-A4F3-03D695DDA842}.Debug|Win32.Build.0 = Debug|Win32
		{E727966D-268F-4AA5-A4F3-03D695DDA842}.Release|Win32.ActiveCfg = Release|Win32
		{E727966D-268F-4AA5-A4F3-03D695DDA842}.Release|Win32.Build.0 = Release|Win32
		{0B956287-AFCD-4673-8793-B8D0C700527D}.Debug|Win32.ActiveCfg = Debug|Win32
		{0B956287-AFCD-4673-8793-B8D0C700527D}.Debug|Win32.Build.0 = Debug|Win32
		{0B956287-AFCD-4673-8793-B8D0C700527D}.Release|Win32.ActiveCfg = Release|Win32
		{0B956287-AFCD-4673-8793-B8D0C700527D}.Release|Win32.Build.0 = Release|Win32
		{333CD62B-6BEB-488B-9BE0-2F43E44471F7}.Debug|Win32.ActiveCfg = Debug|Win32
		{333CD62B-6BEB-488B-9BE0-2F43E44471F7}.Debug|Win32.Build.0 = Debug|Win32
		{333CD62B-6BEB-488B-9BE0-2F43E44471F7}.Release|Win32.ActiveCfg = Release|Win32
		{333CD62B-6BEB-488B-9BE0-2F43E44471F7}.Release|Win32.Build.0 = Release|Win32
		{753A6398-2C41-475E-A25D-13890D8474AE}.Debug|Win32.ActiveCfg = Debug|Win32
		{753A6398-2C41-475E-A25D-13890D8474AE}.Debug|Win32.Build.0 = Debug|Win32
		{753A6398-2C41-475E-A25D-13890D8474AE}.Release|Win32.ActiveCfg = Release|Win32
		{753A6398-2C41-475E-A25D-13890D8474AE}.Release|Win32.Build.0 = Release|Win32
		{9018AF56-74EB-418F-8C01-0C927921A7EB}.Debug|Win32.ActiveCfg = Debug|Win32
		{9018AF56-74EB-418F-8C01-0C927921A7EB}.Debug|Win32.Build.0 = Debug|Win32
		{9018AF56-74EB-418F-8C01-0C927921A7EB}.Release|Win32.ActiveCfg = Release|Win32
		{9018AF56-74EB-418F-8C01-0C927921A7EB}.Release|Win32.Build.0 = Release|Win32
		{9A14AA61-0971-4499-BE15-709362C721B6}.Debug|Win32.ActiveCfg = Debug|Win32
		{9A14AA61-0971-4499-BE15-709362C721B6}.Debug|Win32.Build.0 = Debug|Win32
		{9A14AA61-0971-4499-BE15-709362C721B6}.Release|Win32.ActiveCfg = Release|Win32
		{9A14AA61-0971-4499-BE15-709362C721B6}.Release|Win32.Build.0 = Release|Win32
		{5C9AADAE-B01B-4297-9820-251E7E1DA3E3}.Debug|Win32.ActiveCfg = Debug|Win32
		{5C9AADAE-B01B-4297-9820-251E7E1DA3E3}.Debug|Win32.Build.0 = Debug|Win32
		{5C9AADAE-B01B-4297-9820-251E7E1DA3E3}.Release|Win32.ActiveCfg = Release|Win32
		{5C9AADAE-B01B-4297-9820-251E7E1DA3E3}.Release|Win32.Build.0 = Release|Win32
		{2E4D86C6-5A9F-4CCF-82C8-3FB3ED67D11D}.Debug|Win32.ActiveCfg = Debug|Win32
		{2E4D86C6-5A9F-4CCF-82C8-3FB3ED67D11D}.Debug|Win32.Build.0 = Debug|Win32
		{2E4D86C6-5A9F-4CCF-82C8-3FB3ED67D11D}.Release|Win32.ActiveCfg = Release|Win32
		{2E4D86C6-5A9F-4CCF-82C8-3FB3ED67D11D}.Release|Win32.Build.0 = Release|Win32
		{2EBD5EC8-7373-421E-AE06-F1117804736C}.Debug|Win32.ActiveCfg = Debug|Win32
		{2EBD5EC8-7373-421E-AE06-F1117804736C}.Debug|Win32.Build.0 = Debug|Win32
		{2EBD5EC8-7373-421E-AE06-F1117804736C}.Release|Win32.ActiveCfg = Release|Win32
		{2EBD5EC8-7373-421E-AE06-F1117804736C}.Release|Win32.Build.0 = Release|Win32
		{1CC08E91-F3EA-4751-B6BA-07B9ECDA001B}.Debug|Win32.ActiveCfg = Debug|Win32
		{1CC08E91-F3EA-4751-B6BA-07B9ECDA001B}.Debug|Win32.Build.0 = Debug|Win32
		{1CC08E91-F3EA-4751-B6BA-07B9ECDA001B}.Release|Win32.ActiveCfg = Release|Win32
		{1CC08E91-F3EA-4751-B6BA-07B9ECDA001B}.Release|Win32.Build.0 = Release|Win32
	EndGlobalSection
	GlobalSection(SolutionProperties) = preSolution
		HideSolutionNode = FALSE
	EndGlobalSection
EndGlobal
